
Microsoft Visual Studio Solution File, Format Version 12.00
# Visual Studio Version 16
VisualStudioVersion = 16.0.810.16
MinimumVisualStudioVersion = 10.0.40219.1
Project("{FAE04EC0-301F-11D3-BF4B-00C04F79EFBC}") = "TRADING_TP3_DRUARD_Josselin", "TRADING_TP3_DRUARD_Josselin\TRADING_TP3_DRUARD_Josselin.csproj", "{1EB0E5D7-AE23-4C78-A020-127E4A5659D0}"
EndProject
Global
	GlobalSection(SolutionConfigurationPlatforms) = preSolution
		Debug|anycpu = Debug|anycpu
		Release|anycpu = Release|anycpu
	EndGlobalSection
	GlobalSection(ProjectConfigurationPlatforms) = postSolution
		{1EB0E5D7-AE23-4C78-A020-127E4A5659D0}.Debug|anycpu.ActiveCfg = Debug|anycpu
		{1EB0E5D7-AE23-4C78-A020-127E4A5659D0}.Debug|anycpu.Build.0 = Debug|anycpu
		{1EB0E5D7-AE23-4C78-A020-127E4A5659D0}.Release|anycpu.ActiveCfg = Release|anycpu
		{1EB0E5D7-AE23-4C78-A020-127E4A5659D0}.Release|anycpu.Build.0 = Release|anycpu
	EndGlobalSection
	GlobalSection(SolutionProperties) = preSolution
		HideSolutionNode = FALSE
	EndGlobalSection
	GlobalSection(ExtensibilityGlobals) = postSolution
		SolutionGuid = {B7BC436A-5DA3-4185-B15E-3543D961FB1F}
	EndGlobalSection
EndGlobal
